
Microsoft Visual Studio Solution File, Format Version 12.00
# Visual Studio Version 17
VisualStudioVersion = 17.7.34202.233
MinimumVisualStudioVersion = 10.0.40219.1
Project("{FAE04EC0-301F-11D3-BF4B-00C04F79EFBC}") = "CS_OBS3", "CS_OBS3.csproj", "{236EC895-CEE9-4AF7-BCC0-CA0211AFFB89}"
EndProject
Global
	GlobalSection(SolutionConfigurationPlatforms) = preSolution
		Debug|Any CPU = Debug|Any CPU
		Release|Any CPU = Release|Any CPU
	EndGlobalSection
	GlobalSection(ProjectConfigurationPlatforms) = postSolution
		{236EC895-CEE9-4AF7-BCC0-CA0211AFFB89}.Debug|Any CPU.ActiveCfg = Debug|Any CPU
		{236EC895-CEE9-4AF7-BCC0-CA0211AFFB89}.Debug|Any CPU.Build.0 = Debug|Any CPU
		{236EC895-CEE9-4AF7-BCC0-CA0211AFFB89}.Release|Any CPU.ActiveCfg = Release|Any CPU
		{236EC895-CEE9-4AF7-BCC0-CA0211AFFB89}.Release|Any CPU.Build.0 = Release|Any CPU
	EndGlobalSection
	GlobalSection(SolutionProperties) = preSolution
		HideSolutionNode = FALSE
	EndGlobalSection
	GlobalSection(ExtensibilityGlobals) = postSolution
		SolutionGuid = {353D5C0F-CD96-4AF6-8709-3B618F4CBA1B}
	EndGlobalSection
EndGlobal
